{
  "object": {
    "pins": [
      {
        "package": "ObjCReflection",
        "repositoryURL": "https://github.com/drseg/ObjCReflection.git",
        "state": {
          "branch": "main",
          "revision": "10c51fdd65cb8117917af0ce9755947ae3a0778c",
          "version": null
        }
      }
    ]
  },
  "version": 1
}
